{
  "name": "0.4.12",
  "lockfileVersion": 3,
  "requires": true,
  "packages": {
    "": {
      "dependencies": {
        "kinesis-local": "^0.4.12"
      }
    },
    "node_modules/kinesis-local": {
      "version": "0.4.12",
      "resolved": "https://registry.npmjs.org/kinesis-local/-/kinesis-local-0.4.12.tgz",
      "integrity": "sha512-f8d4Knkh3swoh6J2H8fFi49GUK/GZWatoJK94i3K5iu6CxeVKqH0utnc6vmHBsg6Z7Hd9pAzM4uxxBkwJ+hr6Q==",
      "license": "MIT",
      "dependencies": {
        "punycode": "2.1.1"
      },
      "bin": {
        "kinesis-local": "main.js"
      }
    },
    "node_modules/punycode": {
      "version": "2.1.1",
      "resolved": "https://registry.npmjs.org/punycode/-/punycode-2.1.1.tgz",
      "integrity": "sha512-XRsRjdf+j5ml+y/6GKHPZbrF/8p2Yga0JPtdqTIY2Xe5ohJPD9saDJJLPvp9+NSBprVvevdXZybnj2cv8OEd0A==",
      "license": "MIT",
      "engines": {
        "node": ">=6"
      }
    }
  }
}
